
Microsoft Visual Studio Solution File, Format Version 12.00
# Visual Studio Version 17
VisualStudioVersion = 17.0.32014.148
MinimumVisualStudioVersion = 10.0.40219.1
Project("{FAE04EC0-301F-11D3-BF4B-00C04F79EFBC}") = "Net6.NugetConsumer.PoC.Main", "Net6.NugetConsumer.PoC.Main\Net6.NugetConsumer.PoC.Main.csproj", "{9CC81E02-37AD-432F-B1B7-E960D3329763}"
EndProject
Global
	GlobalSection(SolutionConfigurationPlatforms) = preSolution
		Debug|Any CPU = Debug|Any CPU
		Release|Any CPU = Release|Any CPU
	EndGlobalSection
	GlobalSection(ProjectConfigurationPlatforms) = postSolution
		{9CC81E02-37AD-432F-B1B7-E960D3329763}.Debug|Any CPU.ActiveCfg = Debug|Any CPU
		{9CC81E02-37AD-432F-B1B7-E960D3329763}.Debug|Any CPU.Build.0 = Debug|Any CPU
		{9CC81E02-37AD-432F-B1B7-E960D3329763}.Release|Any CPU.ActiveCfg = Release|Any CPU
		{9CC81E02-37AD-432F-B1B7-E960D3329763}.Release|Any CPU.Build.0 = Release|Any CPU
	EndGlobalSection
	GlobalSection(SolutionProperties) = preSolution
		HideSolutionNode = FALSE
	EndGlobalSection
	GlobalSection(ExtensibilityGlobals) = postSolution
		SolutionGuid = {78F32A7E-3DFD-4A8D-B61F-8E4C59C9E60A}
	EndGlobalSection
EndGlobal
